{
  "name": "source2launch",
  "version": "0.2.0",
  "lockfileVersion": 3,
  "requires": true,
  "packages": {
    "": {
      "name": "source2launch",
      "version": "0.2.0",
      "license": "MIT",
      "bin": {
        "source2launch": "bin/source2launch",
        "source2launch-api": "bin/source2launch-api"
      }
    }
  }
}
